{
  "dependencies": {
    "kue": {
      "version": "0.6.2",
      "dependencies": {
        "redis": {
          "version": "0.7.2"
        },
        "express": {
          "version": "3.1.2",
          "dependencies": {
            "connect": {
              "version": "2.7.5",
              "dependencies": {
                "qs": {
                  "version": "0.5.1"
                },
                "formidable": {
                  "version": "1.0.11"
                },
                "buffer-crc32": {
                  "version": "0.1.1"
                },
                "bytes": {
                  "version": "0.2.0"
                },
                "pause": {
                  "version": "0.0.1"
                }
              }
            },
            "commander": {
              "version": "0.6.1"
            },
            "range-parser": {
              "version": "0.0.4"
            },
            "mkdirp": {
              "version": "0.3.5"
            },
            "cookie": {
              "version": "0.0.5"
            },
            "buffer-crc32": {
              "version": "0.2.1"
            },
            "fresh": {
              "version": "0.1.0"
            },
            "methods": {
              "version": "0.0.1"
            },
            "send": {
              "version": "0.1.0",
              "dependencies": {
                "mime": {
                  "version": "1.2.6"
                }
              }
            },
            "cookie-signature": {
              "version": "1.0.0"
            },
            "debug": {
              "version": "0.7.2"
            }
          }
        },
        "jade": {
          "version": "0.26.3",
          "dependencies": {
            "commander": {
              "version": "0.6.1"
            },
            "mkdirp": {
              "version": "0.3.0"
            }
          }
        },
        "stylus": {
          "version": "0.27.2",
          "dependencies": {
            "cssom": {
              "version": "0.2.5"
            },
            "mkdirp": {
              "version": "0.3.5"
            },
            "debug": {
              "version": "0.7.2"
            }
          }
        },
        "nib": {
          "version": "0.5.0"
        },
        "reds": {
          "version": "0.1.4",
          "dependencies": {
            "natural": {
              "version": "0.0.69",
              "dependencies": {
                "sylvester": {
                  "version": "0.0.21"
                },
                "apparatus": {
                  "version": "0.0.7"
                },
                "underscore": {
                  "version": "1.5.1"
                }
              }
            }
          }
        }
      }
    }
  }
}
