{
  "meteor": {},
  "dependencies": {
    "basePackages": {
      "velocity-quick-start": {},
      "jasmine-unit": {},
      "mocha-web-velocity": {},
      "jasmine": {},
      "velocity-html-reporter": {}
    },
    "packages": {
      "velocity-quick-start": {
        "git": "https://github.com/alanning/meteor-velocity-quick-start.git",
        "tag": "v0.0.8",
        "commit": "76975566981224c3440c4909e7b6a33bdfc294b2"
      },
      "jasmine-unit": {
        "git": "https://github.com/xolvio/jasmine-unit.git",
        "tag": "v0.1.24",
        "commit": "885dde77a96390d0fd31b03756f837f482db2ef1"
      },
      "mocha-web-velocity": {
        "git": "https://github.com/mad-eye/meteor-mocha-web.git",
        "tag": "v0.3.4",
        "commit": "5b68e18104c00687748b190b04a7752478472d17"
      },
      "jasmine": {
        "git": "https://github.com/Sanjo/meteor-jasmine.git",
        "tag": "v0.1.17",
        "commit": "e7aa40942fbfb4e1393c4b14ec5ba2c63bb7f899"
      },
      "velocity-html-reporter": {
        "git": "https://github.com/rdickert/velocity-html-reporter.git",
        "tag": "v0.1.5",
        "commit": "741edd0caa8d0e491c53d597d34636f90cc64b88"
      },
      "velocity": {
        "git": "https://github.com/xolvio/velocity.git",
        "tag": "v0.1.20",
        "commit": "e1ac0a7b2a2130355a9b14e4f010655d3ef21f75"
      },
      "package-stubber": {
        "git": "https://github.com/alanning/meteor-package-stubber.git",
        "tag": "v0.0.16",
        "commit": "e74747d1553044f2903fab0b33cbc6cada775f46"
      },
      "mirror": {
        "git": "https://github.com/xdissent/meteor-mirror.git",
        "tag": "v0.0.2",
        "commit": "03d965dcab2f976a1fdc6ce513edcd4c17b75746"
      }
    }
  }
}
