{
  "meteor": {},
  "dependencies": {
    "basePackages": {
      "moment": {},
      "marked": {},
      "collection-api": {},
      "collectionFS": {
        "git": "https://github.com/aldeed/Meteor-CollectionFS.git",
        "branch": "master"
      },
      "meteor-mailparser": {},
      "meteor-node-imap": {
        "git": "https://github.com/BashtonLtd/meteor-node-imap.git",
        "tag": "v0.0.4"
      },
      "meteor-pagedown": {},
      "meteor-tomarkdown": {},
      "spin": {},
      "paginated-subscription": {},
      "event-horizon": {},
      "iron-router": {},
      "kadira": {}
    },
    "packages": {
      "moment": {
        "git": "https://github.com/acreeger/meteor-moment.git",
        "tag": "v2.6.0",
        "commit": "26156df681750fd6e6ed77043eef32b6653ebbdf"
      },
      "marked": {
        "git": "https://github.com/chuangbo/meteor-marked.git",
        "tag": "v0.3.2",
        "commit": "850f63135cdeb05344c420bd586fd8af9cab75df"
      },
      "collection-api": {
        "git": "https://github.com/crazytoad/meteor-collectionapi.git",
        "tag": "v0.1.15",
        "commit": "b62c51f387287726cf3b64077f7bc69604ec2f5e"
      },
      "collectionFS": {
        "git": "https://github.com/aldeed/Meteor-CollectionFS.git",
        "branch": "master",
        "commit": "a1cd774a5e52c271d1a8b6f9af96686e91df66a0"
      },
      "meteor-mailparser": {
        "git": "https://github.com/BashtonLtd/meteor-mailparser.git",
        "tag": "v0.3.8",
        "commit": "862891a69b2977c7b60edf0c3c1842f73d792b62"
      },
      "meteor-node-imap": {
        "git": "https://github.com/BashtonLtd/meteor-node-imap.git",
        "tag": "v0.0.4",
        "commit": "74e1576610767e1a830de23064c5d4b258725771"
      },
      "meteor-pagedown": {
        "git": "https://github.com/BashtonLtd/meteor-pagedown.git",
        "tag": "v1.1.1",
        "commit": "b719e2d705928bf0d5d9d5d9a3faed28820b77c8"
      },
      "meteor-tomarkdown": {
        "git": "https://github.com/BashtonLtd/meteor-tomarkdown.git",
        "tag": "v0.0.1",
        "commit": "e4356aa5a4f5245daca35ddc6ce38d03362beee6"
      },
      "spin": {
        "git": "https://github.com/SachaG/meteor-spin.git",
        "tag": "v0.2.2",
        "commit": "3f655f0016228e4195acc784c45d3e3a247dc39f"
      },
      "paginated-subscription": {
        "git": "https://github.com/tmeasday/meteor-paginated-subscription.git",
        "tag": "v0.2.2",
        "commit": "2133a2163575f569f90253f81314f21b2bf08d20"
      },
      "event-horizon": {
        "git": "https://github.com/belisarius222/meteor-event-horizon.git",
        "tag": "v0.1.1",
        "commit": "f7d19e16bf7527c34d853a9bc9002e9be53bdb9b"
      },
      "iron-router": {
        "git": "https://github.com/EventedMind/iron-router.git",
        "tag": "v0.7.1",
        "commit": "d1ffb3f06ea4c112132b030f2eb1a70b81675ecb"
      },
      "kadira": {
        "git": "https://github.com/meteorhacks/kadira.git",
        "tag": "v2.1.2",
        "commit": "4733bb865d2bea239af4e464dddbca27f5f80ea6"
      },
      "blaze-layout": {
        "git": "https://github.com/EventedMind/blaze-layout.git",
        "tag": "v0.2.4",
        "commit": "b40e9b0612329288d75cf52ad14a7da64bb8618f"
      }
    }
  }
}
