{
  "meteor": {},
  "dependencies": {
    "basePackages": {
      "router": {},
      "moment": {},
      "marked": {},
      "collection-api": {},
      "collectionFS": {
        "git": "https://github.com/aldeed/Meteor-CollectionFS.git",
        "branch": "master"
      },
      "meteor-mailparser": {},
      "meteor-node-imap": {
        "git": "https://github.com/BashtonLtd/meteor-node-imap.git",
        "tag": "v0.0.4"
      },
      "meteor-pagedown": {},
      "meteor-tomarkdown": {},
      "spin": {},
      "paginated-subscription": {},
      "event-horizon": {}
    },
    "packages": {
      "router": {
        "git": "https://github.com/tmeasday/meteor-router.git",
        "tag": "v0.5.4.1",
        "commit": "d00e380dda2184b70e909fc4a0fb5358d602c586"
      },
      "moment": {
        "git": "https://github.com/acreeger/meteor-moment.git",
        "tag": "v2.2.1",
        "commit": "9ee12e714afe56b189f53076447b7b54f3012065"
      },
      "marked": {
        "git": "https://github.com/chuangbo/meteor-marked.git",
        "tag": "v0.2.9",
        "commit": "6485d6f03841501f81176e34ab375840473aa714"
      },
      "collection-api": {
        "git": "https://github.com/crazytoad/meteor-collectionapi.git",
        "tag": "v0.1.15",
        "commit": "b62c51f387287726cf3b64077f7bc69604ec2f5e"
      },
      "collectionFS": {
        "git": "https://github.com/aldeed/Meteor-CollectionFS.git",
        "branch": "master",
        "commit": "a1cd774a5e52c271d1a8b6f9af96686e91df66a0"
      },
      "meteor-mailparser": {
        "git": "https://github.com/BashtonLtd/meteor-mailparser.git",
        "tag": "v0.3.8",
        "commit": "862891a69b2977c7b60edf0c3c1842f73d792b62"
      },
      "meteor-node-imap": {
        "git": "https://github.com/BashtonLtd/meteor-node-imap.git",
        "tag": "v0.0.4",
        "commit": "74e1576610767e1a830de23064c5d4b258725771"
      },
      "meteor-pagedown": {
        "git": "https://github.com/BashtonLtd/meteor-pagedown.git",
        "tag": "v1.1.1",
        "commit": "b719e2d705928bf0d5d9d5d9a3faed28820b77c8"
      },
      "meteor-tomarkdown": {
        "git": "https://github.com/BashtonLtd/meteor-tomarkdown.git",
        "tag": "v0.0.1",
        "commit": "e4356aa5a4f5245daca35ddc6ce38d03362beee6"
      },
      "spin": {
        "git": "https://github.com/SachaG/meteor-spin.git",
        "tag": "v0.2.2",
        "commit": "3f655f0016228e4195acc784c45d3e3a247dc39f"
      },
      "paginated-subscription": {
        "git": "https://github.com/tmeasday/meteor-paginated-subscription.git",
        "tag": "v0.1.2",
        "commit": "35e0c6112df2b4cfeb60b559276a93cac5ee2dd6"
      },
      "event-horizon": {
        "git": "https://github.com/belisarius222/meteor-event-horizon.git",
        "tag": "v0.1.1",
        "commit": "f7d19e16bf7527c34d853a9bc9002e9be53bdb9b"
      },
      "page-js-ie-support": {
        "git": "https://github.com/tmeasday/meteor-page-js-ie-support.git",
        "tag": "v1.3.5",
        "commit": "b99ed8380aefd10b2afc8f18d9eed4dd0d8ea9cb"
      },
      "HTML5-History-API": {
        "git": "https://github.com/tmeasday/meteor-HTML5-History-API.git",
        "tag": "v4.0.0",
        "commit": "dc4965f1424cfca625ec3fbea17eace03f8e32c5"
      }
    }
  }
}
